
Microsoft Visual Studio Solution File, Format Version 12.00
# Visual Studio Version 17
VisualStudioVersion = 17.0.31903.59
MinimumVisualStudioVersion = 10.0.40219.1
Project("{FAE04EC0-301F-11D3-BF4B-00C04F79EFBC}") = "Task1", "Task1\Task1.csproj", "{530D961A-43B7-47D2-976D-5045127F8BBB}"
EndProject
Project("{FAE04EC0-301F-11D3-BF4B-00C04F79EFBC}") = "Task2", "Task2\Task2.csproj", "{8B98909E-D6D9-4F51-A9AC-260BE9B35EC1}"
EndProject
Global
	GlobalSection(SolutionConfigurationPlatforms) = preSolution
		Debug|Any CPU = Debug|Any CPU
		Release|Any CPU = Release|Any CPU
	EndGlobalSection
	GlobalSection(SolutionProperties) = preSolution
		HideSolutionNode = FALSE
	EndGlobalSection
	GlobalSection(ProjectConfigurationPlatforms) = postSolution
		{530D961A-43B7-47D2-976D-5045127F8BBB}.Debug|Any CPU.ActiveCfg = Debug|Any CPU
		{530D961A-43B7-47D2-976D-5045127F8BBB}.Debug|Any CPU.Build.0 = Debug|Any CPU
		{530D961A-43B7-47D2-976D-5045127F8BBB}.Release|Any CPU.ActiveCfg = Release|Any CPU
		{530D961A-43B7-47D2-976D-5045127F8BBB}.Release|Any CPU.Build.0 = Release|Any CPU
		{8B98909E-D6D9-4F51-A9AC-260BE9B35EC1}.Debug|Any CPU.ActiveCfg = Debug|Any CPU
		{8B98909E-D6D9-4F51-A9AC-260BE9B35EC1}.Debug|Any CPU.Build.0 = Debug|Any CPU
		{8B98909E-D6D9-4F51-A9AC-260BE9B35EC1}.Release|Any CPU.ActiveCfg = Release|Any CPU
		{8B98909E-D6D9-4F51-A9AC-260BE9B35EC1}.Release|Any CPU.Build.0 = Release|Any CPU
	EndGlobalSection
EndGlobal
